
Microsoft Visual Studio Solution File, Format Version 12.00
# Visual Studio Version 16
VisualStudioVersion = 16.0.31129.286
MinimumVisualStudioVersion = 10.0.40219.1
Project("{9A19103F-16F7-4668-BE54-9A1E7A4F7556}") = "API", "API.csproj", "{F4D94462-C33B-4768-94B5-ED3A36414D30}"
EndProject
Project("{9A19103F-16F7-4668-BE54-9A1E7A4F7556}") = "Study.EventManager.Model", "..\Study.EventManager.Model\Study.EventManager.Model.csproj", "{6FC2E8D1-3A52-4878-8A5C-2DF9119A2AB6}"
EndProject
Project("{9A19103F-16F7-4668-BE54-9A1E7A4F7556}") = "Study.EventManager.Data", "..\Study.EventManager.Data\Study.EventManager.Data.csproj", "{98307777-DB76-4F62-8380-69D7B2187D78}"
EndProject
Project("{9A19103F-16F7-4668-BE54-9A1E7A4F7556}") = "Study.EventManager.Services", "..\Study.EventManager.Services\Study.EventManager.Services.csproj", "{7A304B39-487C-4015-98FD-515EBAC00D25}"
EndProject
Project("{9A19103F-16F7-4668-BE54-9A1E7A4F7556}") = "Study.EventManager.Data.Test", "..\Study.EventManager.Data.Test\Study.EventManager.Data.Test.csproj", "{51A86F88-BF63-4799-90C7-7BDD6BD3B917}"
EndProject
Project("{9A19103F-16F7-4668-BE54-9A1E7A4F7556}") = "Study.EventManager.API.Test", "..\Study.EventManager.API.Test\Study.EventManager.API.Test.csproj", "{5B53EF20-5A90-4FA4-9723-4B09AB57DA59}"
EndProject
Project("{9A19103F-16F7-4668-BE54-9A1E7A4F7556}") = "Study.EventManager.Services.Test", "..\Study.EventManager.Services.Test\Study.EventManager.Services.Test.csproj", "{E8A443E1-A00F-440D-B9F5-29CE05F25143}"
EndProject
Global
	GlobalSection(SolutionConfigurationPlatforms) = preSolution
		Debug|Any CPU = Debug|Any CPU
		Release|Any CPU = Release|Any CPU
	EndGlobalSection
	GlobalSection(ProjectConfigurationPlatforms) = postSolution
		{F4D94462-C33B-4768-94B5-ED3A36414D30}.Debug|Any CPU.ActiveCfg = Debug|Any CPU
		{F4D94462-C33B-4768-94B5-ED3A36414D30}.Debug|Any CPU.Build.0 = Debug|Any CPU
		{F4D94462-C33B-4768-94B5-ED3A36414D30}.Release|Any CPU.ActiveCfg = Release|Any CPU
		{F4D94462-C33B-4768-94B5-ED3A36414D30}.Release|Any CPU.Build.0 = Release|Any CPU
		{6FC2E8D1-3A52-4878-8A5C-2DF9119A2AB6}.Debug|Any CPU.ActiveCfg = Debug|Any CPU
		{6FC2E8D1-3A52-4878-8A5C-2DF9119A2AB6}.Debug|Any CPU.Build.0 = Debug|Any CPU
		{6FC2E8D1-3A52-4878-8A5C-2DF9119A2AB6}.Release|Any CPU.ActiveCfg = Release|Any CPU
		{6FC2E8D1-3A52-4878-8A5C-2DF9119A2AB6}.Release|Any CPU.Build.0 = Release|Any CPU
		{98307777-DB76-4F62-8380-69D7B2187D78}.Debug|Any CPU.ActiveCfg = Debug|Any CPU
		{98307777-DB76-4F62-8380-69D7B2187D78}.Debug|Any CPU.Build.0 = Debug|Any CPU
		{98307777-DB76-4F62-8380-69D7B2187D78}.Release|Any CPU.ActiveCfg = Release|Any CPU
		{98307777-DB76-4F62-8380-69D7B2187D78}.Release|Any CPU.Build.0 = Release|Any CPU
		{7A304B39-487C-4015-98FD-515EBAC00D25}.Debug|Any CPU.ActiveCfg = Debug|Any CPU
		{7A304B39-487C-4015-98FD-515EBAC00D25}.Debug|Any CPU.Build.0 = Debug|Any CPU
		{7A304B39-487C-4015-98FD-515EBAC00D25}.Release|Any CPU.ActiveCfg = Release|Any CPU
		{7A304B39-487C-4015-98FD-515EBAC00D25}.Release|Any CPU.Build.0 = Release|Any CPU
		{51A86F88-BF63-4799-90C7-7BDD6BD3B917}.Debug|Any CPU.ActiveCfg = Debug|Any CPU
		{51A86F88-BF63-4799-90C7-7BDD6BD3B917}.Debug|Any CPU.Build.0 = Debug|Any CPU
		{51A86F88-BF63-4799-90C7-7BDD6BD3B917}.Release|Any CPU.ActiveCfg = Release|Any CPU
		{51A86F88-BF63-4799-90C7-7BDD6BD3B917}.Release|Any CPU.Build.0 = Release|Any CPU
		{5B53EF20-5A90-4FA4-9723-4B09AB57DA59}.Debug|Any CPU.ActiveCfg = Debug|Any CPU
		{5B53EF20-5A90-4FA4-9723-4B09AB57DA59}.Debug|Any CPU.Build.0 = Debug|Any CPU
		{5B53EF20-5A90-4FA4-9723-4B09AB57DA59}.Release|Any CPU.ActiveCfg = Release|Any CPU
		{5B53EF20-5A90-4FA4-9723-4B09AB57DA59}.Release|Any CPU.Build.0 = Release|Any CPU
		{E8A443E1-A00F-440D-B9F5-29CE05F25143}.Debug|Any CPU.ActiveCfg = Debug|Any CPU
		{E8A443E1-A00F-440D-B9F5-29CE05F25143}.Debug|Any CPU.Build.0 = Debug|Any CPU
		{E8A443E1-A00F-440D-B9F5-29CE05F25143}.Release|Any CPU.ActiveCfg = Release|Any CPU
		{E8A443E1-A00F-440D-B9F5-29CE05F25143}.Release|Any CPU.Build.0 = Release|Any CPU
	EndGlobalSection
	GlobalSection(SolutionProperties) = preSolution
		HideSolutionNode = FALSE
	EndGlobalSection
	GlobalSection(ExtensibilityGlobals) = postSolution
		SolutionGuid = {11F5DBF9-BCD0-439E-AD90-9D085870755B}
	EndGlobalSection
EndGlobal
